PODS:
  - KBVideoPlayer (1.2)

DEPENDENCIES:
  - KBVideoPlayer (from `/Users/kennybatista/Desktop/KBVideoPlayer`)

EXTERNAL SOURCES:
  KBVideoPlayer:
    :path: "/Users/kennybatista/Desktop/KBVideoPlayer"

SPEC CHECKSUMS:
  KBVideoPlayer: f027a720c5380cb24e7f0079f9cfc72ac5ded608

PODFILE CHECKSUM: a9438dcc6dd536485276072e0d481c74b69b9e28

COCOAPODS: 1.1.1
