PODS:
  - KBVideoPlayer (0.2)

DEPENDENCIES:
  - KBVideoPlayer (from `/Users/kennybatista/Desktop/KBVideoPlayer`)

EXTERNAL SOURCES:
  KBVideoPlayer:
    :path: "/Users/kennybatista/Desktop/KBVideoPlayer"

SPEC CHECKSUMS:
  KBVideoPlayer: d19882568b14ca239cda4878d4328aa1eaf36e2a

PODFILE CHECKSUM: a9438dcc6dd536485276072e0d481c74b69b9e28

COCOAPODS: 1.1.1
