PODS:
  - KBVideoPlayer (1.1)

DEPENDENCIES:
  - KBVideoPlayer (from `/Users/kennybatista/Desktop/KBVideoPlayer`)

EXTERNAL SOURCES:
  KBVideoPlayer:
    :path: "/Users/kennybatista/Desktop/KBVideoPlayer"

SPEC CHECKSUMS:
  KBVideoPlayer: 0516c02d7aba0a7aed174e111ba7f8c94544c20a

PODFILE CHECKSUM: a9438dcc6dd536485276072e0d481c74b69b9e28

COCOAPODS: 1.1.1
